#MicroXplorer Configuration settings - do not modify
CAD.formats=
CAD.pinconfig=
CAD.provider=
CORTEX_M7.CPU_DCache=Enabled
CORTEX_M7.CPU_ICache=Enabled
CORTEX_M7.IPParameters=CPU_ICache,CPU_DCache
File.Version=6
KeepUserPlacement=true
Mcu.CPN=STM32F769NIH6
Mcu.Family=STM32F7
Mcu.IP0=CORTEX_M7
Mcu.IP1=CRC
Mcu.IP2=NVIC
Mcu.IP3=RCC
Mcu.IP4=SYS
Mcu.IP5=USART1
Mcu.IPNb=6
Mcu.Name=STM32F769NIHx
Mcu.Package=TFBGA216
Mcu.Pin0=PA10
Mcu.Pin1=PC14/OSC32_IN
Mcu.Pin10=VP_STMicroelectronics.X-CUBE-AI_VS_DeviceJjApplication_8.1.0
Mcu.Pin2=PA9
Mcu.Pin3=PC15/OSC32_OUT
Mcu.Pin4=PA8
Mcu.Pin5=PH0/OSC_IN
Mcu.Pin6=PH1/OSC_OUT
Mcu.Pin7=VP_CRC_VS_CRC
Mcu.Pin8=VP_SYS_VS_Systick
Mcu.Pin9=VP_STMicroelectronics.X-CUBE-AI_VS_ArtificialOoIntelligenceJjXAaCUBEAaAI_8.1.0
Mcu.PinsNb=11
Mcu.ThirdParty0=STMicroelectronics.X-CUBE-AI.8.1.0
Mcu.ThirdPartyNb=1
Mcu.UserConstants=
Mcu.UserName=STM32F769NIHx
MxCube.Version=6.12.1
MxDb.Version=DB.6.0.121
NVIC.BusFault_IRQn=true\:0\:0\:false\:false\:true\:false\:false\:false
NVIC.DebugMonitor_IRQn=true\:0\:0\:false\:false\:true\:false\:false\:false
NVIC.ForceEnableDMAVector=true
NVIC.HardFault_IRQn=true\:0\:0\:false\:false\:true\:false\:false\:false
NVIC.MemoryManagement_IRQn=true\:0\:0\:false\:false\:true\:false\:false\:false
NVIC.NonMaskableInt_IRQn=true\:0\:0\:false\:false\:true\:false\:false\:false
NVIC.PendSV_IRQn=true\:0\:0\:false\:false\:true\:false\:false\:false
NVIC.PriorityGroup=NVIC_PRIORITYGROUP_4
NVIC.SVCall_IRQn=true\:0\:0\:false\:false\:true\:false\:false\:false
NVIC.SysTick_IRQn=true\:15\:0\:false\:false\:true\:false\:true\:false
NVIC.UsageFault_IRQn=true\:0\:0\:false\:false\:true\:false\:false\:false
PA10.GPIOParameters=GPIO_PuPd
PA10.GPIO_PuPd=GPIO_PULLUP
PA10.Locked=true
PA10.Mode=Asynchronous
PA10.Signal=USART1_RX
PA8.Mode=Clock-out-1
PA8.Signal=RCC_MCO_1
PA9.Locked=true
PA9.Mode=Asynchronous
PA9.Signal=USART1_TX
PC14/OSC32_IN.Mode=LSE-External-Oscillator
PC14/OSC32_IN.Signal=RCC_OSC32_IN
PC15/OSC32_OUT.Mode=LSE-External-Oscillator
PC15/OSC32_OUT.Signal=RCC_OSC32_OUT
PH0/OSC_IN.Mode=HSE-External-Oscillator
PH0/OSC_IN.Signal=RCC_OSC_IN
PH1/OSC_OUT.Mode=HSE-External-Oscillator
PH1/OSC_OUT.Signal=RCC_OSC_OUT
PinOutPanel.CurrentBGAView=Top
PinOutPanel.RotationAngle=0
ProjectManager.AskForMigrate=true
ProjectManager.BackupPrevious=false
ProjectManager.CompilerOptimize=6
ProjectManager.ComputerToolchain=false
ProjectManager.CoupleFile=false
ProjectManager.CustomerFirmwarePackage=
ProjectManager.DefaultFWLocation=true
ProjectManager.DeletePrevious=true
ProjectManager.DeviceId=STM32F769NIHx
ProjectManager.FirmwarePackage=STM32Cube FW_F7 V1.17.2
ProjectManager.FreePins=false
ProjectManager.HalAssertFull=false
ProjectManager.HeapSize=0x800
ProjectManager.KeepUserCode=true
ProjectManager.LastFirmware=true
ProjectManager.LibraryCopy=1
ProjectManager.MainLocation=Src
ProjectManager.NoMain=false
ProjectManager.PreviousToolchain=
ProjectManager.ProjectBuild=false
ProjectManager.ProjectFileName=mxAI32315515309917.ioc
ProjectManager.ProjectName=mxAI32315515309917
ProjectManager.ProjectStructure=
ProjectManager.RegisterCallBack=
ProjectManager.StackSize=0x800
ProjectManager.TargetToolchain=STM32CubeIDE
ProjectManager.ToolChainLocation=
ProjectManager.UAScriptAfterPath=
ProjectManager.UAScriptBeforePath=
ProjectManager.UnderRoot=true
ProjectManager.functionlistsort=1-SystemClock_Config-RCC-false-HAL-false,2-MX_GPIO_Init-GPIO-false-HAL-true,3-MX_CRC_Init-CRC-false-HAL-true,4-MX_USART1_UART_Init-USART1-true-HAL-false,5-MX_X_CUBE_AI_Init-STMicroelectronics.X-CUBE-AI.8.1.0-false-HAL-false,6-MX_X_CUBE_AI_Process-STMicroelectronics.X-CUBE-AI.8.1.0-false-HAL-false,0-MX_CORTEX_M7_Init-CORTEX_M7-false-HAL-true
RCC.AHBFreq_Value=216000000
RCC.APB1CLKDivider=RCC_HCLK_DIV4
RCC.APB1Freq_Value=54000000
RCC.APB1TimFreq_Value=108000000
RCC.APB2CLKDivider=RCC_HCLK_DIV2
RCC.APB2Freq_Value=108000000
RCC.APB2TimFreq_Value=216000000
RCC.CECFreq_Value=32786.88524590164
RCC.CortexFreq_Value=216000000
RCC.DFSDMAudioFreq_Value=64000000
RCC.DFSDMFreq_Value=108000000
RCC.DSIFreq_Value=62500000
RCC.DSITXEscFreq_Value=15625000
RCC.EthernetFreq_Value=216000000
RCC.FCLKCortexFreq_Value=216000000
RCC.FamilyName=M
RCC.HCLKFreq_Value=216000000
RCC.HSE_VALUE=25000000
RCC.HSI_VALUE=16000000
RCC.I2C1Freq_Value=54000000
RCC.I2C2Freq_Value=54000000
RCC.I2C3Freq_Value=54000000
RCC.I2C4Freq_Value=54000000
RCC.I2SFreq_Value=96000000
RCC.IPParameters=AHBFreq_Value,APB1CLKDivider,APB1Freq_Value,APB1TimFreq_Value,APB2CLKDivider,APB2Freq_Value,APB2TimFreq_Value,CECFreq_Value,CortexFreq_Value,DFSDMAudioFreq_Value,DFSDMFreq_Value,DSIFreq_Value,DSITXEscFreq_Value,EthernetFreq_Value,FCLKCortexFreq_Value,FamilyName,HCLKFreq_Value,HSE_VALUE,HSI_VALUE,I2C1Freq_Value,I2C2Freq_Value,I2C3Freq_Value,I2C4Freq_Value,I2SFreq_Value,LCDTFTFreq_Value,LCDTFToutputFreq_Value,LPTIM1Freq_Value,LSI_VALUE,MCO2PinFreq_Value,PLL48CLockSelection,PLLCLKFreq_Value,PLLDSIFreq_Value,PLLDSIVCOFreq_Value,PLLI2SPCLKFreq_Value,PLLI2SQCLKFreq_Value,PLLI2SRCLKFreq_Value,PLLI2SRoutputFreq_Value,PLLM,PLLN,PLLQ,PLLQCLKFreq_Value,PLLQoutputFreq_Value,PLLRFreq_Value,PLLSAIP,PLLSAIPCLKFreq_Value,PLLSAIQ,PLLSAIQCLKFreq_Value,PLLSAIRCLKFreq_Value,PLLSAIoutputFreq_Value,PLLSourceVirtual,RNGFreq_Value,SAI1Freq_Value,SAI2Freq_Value,SDMMC2ClockSelection,SDMMC2Freq_Value,SDMMCFreq_Value,SPDIFRXFreq_Value,SYSCLKFreq_VALUE,SYSCLKSource,UART4Freq_Value,UART5Freq_Value,UART7Freq_Value,UART8Freq_Value,USART1Freq_Value,USART2Freq_Value,USART3Freq_Value,USART6Freq_Value,USBFreq_Value,VCOI2SOutputFreq_Value,VCOInputFreq_Value,VCOOutputFreq_Value,VCOSAIOutputFreq_Value
RCC.LCDTFTFreq_Value=48000000
RCC.LCDTFToutputFreq_Value=48000000
RCC.LPTIM1Freq_Value=54000000
RCC.LSI_VALUE=32000
RCC.MCO2PinFreq_Value=216000000
RCC.PLL48CLockSelection=RCC_CLK48SOURCE_PLLSAIP
RCC.PLLCLKFreq_Value=216000000
RCC.PLLDSIFreq_Value=500000000
RCC.PLLDSIVCOFreq_Value=1000000000
RCC.PLLI2SPCLKFreq_Value=96000000
RCC.PLLI2SQCLKFreq_Value=96000000
RCC.PLLI2SRCLKFreq_Value=96000000
RCC.PLLI2SRoutputFreq_Value=96000000
RCC.PLLM=25
RCC.PLLN=432
RCC.PLLQ=4
RCC.PLLQCLKFreq_Value=108000000
RCC.PLLQoutputFreq_Value=108000000
RCC.PLLRFreq_Value=216000000
RCC.PLLSAIP=RCC_PLLSAIP_DIV4
RCC.PLLSAIPCLKFreq_Value=48000000
RCC.PLLSAIQ=3
RCC.PLLSAIQCLKFreq_Value=64000000
RCC.PLLSAIRCLKFreq_Value=96000000
RCC.PLLSAIoutputFreq_Value=48000000
RCC.PLLSourceVirtual=RCC_PLLSOURCE_HSE
RCC.RNGFreq_Value=48000000
RCC.SAI1Freq_Value=64000000
RCC.SAI2Freq_Value=64000000
RCC.SDMMC2ClockSelection=RCC_SDMMC2CLKSOURCE_CLK48
RCC.SDMMC2Freq_Value=48000000
RCC.SDMMCFreq_Value=216000000
RCC.SPDIFRXFreq_Value=96000000
RCC.SYSCLKFreq_VALUE=216000000
RCC.SYSCLKSource=RCC_SYSCLKSOURCE_PLLCLK
RCC.UART4Freq_Value=54000000
RCC.UART5Freq_Value=54000000
RCC.UART7Freq_Value=54000000
RCC.UART8Freq_Value=54000000
RCC.USART1Freq_Value=108000000
RCC.USART2Freq_Value=54000000
RCC.USART3Freq_Value=54000000
RCC.USART6Freq_Value=108000000
RCC.USBFreq_Value=48000000
RCC.VCOI2SOutputFreq_Value=192000000
RCC.VCOInputFreq_Value=1000000
RCC.VCOOutputFreq_Value=432000000
RCC.VCOSAIOutputFreq_Value=192000000
STMicroelectronics.X-CUBE-AI.8.1.0.ActivationBufferSizeList=19200
STMicroelectronics.X-CUBE-AI.8.1.0.ActivationBuffers=pool0
STMicroelectronics.X-CUBE-AI.8.1.0.ActivationNames=pool0
STMicroelectronics.X-CUBE-AI.8.1.0.ActivationSizes=AI_AUDIO_CLASSIFIER_DATA_ACTIVATION_1_SIZE
STMicroelectronics.X-CUBE-AI.8.1.0.ApplicationCcDeviceJjApplication=Validation
STMicroelectronics.X-CUBE-AI.8.1.0.ArtificialOoIntelligenceJjXAaCUBEAaAI_Checked=true
STMicroelectronics.X-CUBE-AI.8.1.0.BSP.number=1
STMicroelectronics.X-CUBE-AI.8.1.0.DeviceJjApplication_Checked=true
STMicroelectronics.X-CUBE-AI.8.1.0.HeapSize=0x800
STMicroelectronics.X-CUBE-AI.8.1.0.IPParameters=XAaCUBEAaAICcArtificialOoIntelligenceJjCore,ApplicationCcDeviceJjApplication,HeapSize,StackSize,ModelName-777d52cbca1462a9c396360839932d6e8b85d11368191614d1b086bdcc7fa2ed,ModelType-777d52cbca1462a9c396360839932d6e8b85d11368191614d1b086bdcc7fa2ed,ModelKind-777d52cbca1462a9c396360839932d6e8b85d11368191614d1b086bdcc7fa2ed,ModelCompression-777d52cbca1462a9c396360839932d6e8b85d11368191614d1b086bdcc7fa2ed,ModelStructureFile-777d52cbca1462a9c396360839932d6e8b85d11368191614d1b086bdcc7fa2ed,ModelHashList,ModelNameList,WorkingBufferStartAddrList,copyWeightToRam,outputDirectory,useInputAllocation,useOutputAllocation,customLayerConfigEnabled,optimization,noOnnxIoTranspose,ModelMacc-777d52cbca1462a9c396360839932d6e8b85d11368191614d1b086bdcc7fa2ed,ModelActualCompression-777d52cbca1462a9c396360839932d6e8b85d11368191614d1b086bdcc7fa2ed,ModelRamOccupation-777d52cbca1462a9c396360839932d6e8b85d11368191614d1b086bdcc7fa2ed,ModelFlashOccupation-777d52cbca1462a9c396360839932d6e8b85d11368191614d1b086bdcc7fa2ed,ActivationBuffers,ActivationSizes,ActivationNames,InternalRamActivationBufferMaxSize,ActivationBufferSizeList,MaximumNumberOfInputLayer,MaximumNumberOfOutputLayer,MaximumSizeOfInputLayer,MaximumSizeOfOutputLayer
STMicroelectronics.X-CUBE-AI.8.1.0.InternalRamActivationBufferMaxSize=AI_AUDIO_CLASSIFIER_DATA_ACTIVATIONS_SIZE
STMicroelectronics.X-CUBE-AI.8.1.0.MaximumNumberOfInputLayer=1
STMicroelectronics.X-CUBE-AI.8.1.0.MaximumNumberOfOutputLayer=1
STMicroelectronics.X-CUBE-AI.8.1.0.MaximumSizeOfInputLayer=1
STMicroelectronics.X-CUBE-AI.8.1.0.MaximumSizeOfOutputLayer=1
STMicroelectronics.X-CUBE-AI.8.1.0.ModelActualCompression-777d52cbca1462a9c396360839932d6e8b85d11368191614d1b086bdcc7fa2ed=0.0
STMicroelectronics.X-CUBE-AI.8.1.0.ModelCompression-777d52cbca1462a9c396360839932d6e8b85d11368191614d1b086bdcc7fa2ed=Lossless
STMicroelectronics.X-CUBE-AI.8.1.0.ModelFlashOccupation-777d52cbca1462a9c396360839932d6e8b85d11368191614d1b086bdcc7fa2ed=183216
STMicroelectronics.X-CUBE-AI.8.1.0.ModelHashList=777d52cbca1462a9c396360839932d6e8b85d11368191614d1b086bdcc7fa2ed
STMicroelectronics.X-CUBE-AI.8.1.0.ModelKind-777d52cbca1462a9c396360839932d6e8b85d11368191614d1b086bdcc7fa2ed=ONNX
STMicroelectronics.X-CUBE-AI.8.1.0.ModelMacc-777d52cbca1462a9c396360839932d6e8b85d11368191614d1b086bdcc7fa2ed=226004
STMicroelectronics.X-CUBE-AI.8.1.0.ModelName-777d52cbca1462a9c396360839932d6e8b85d11368191614d1b086bdcc7fa2ed=audio_classifier
STMicroelectronics.X-CUBE-AI.8.1.0.ModelNameList=audio_classifier
STMicroelectronics.X-CUBE-AI.8.1.0.ModelRamOccupation-777d52cbca1462a9c396360839932d6e8b85d11368191614d1b086bdcc7fa2ed=19200
STMicroelectronics.X-CUBE-AI.8.1.0.ModelStructureFile-777d52cbca1462a9c396360839932d6e8b85d11368191614d1b086bdcc7fa2ed=/Users/killian/Documents/Projet_5A/IA_embeded_audio_classifier/small_cnn_model.onnx
STMicroelectronics.X-CUBE-AI.8.1.0.ModelType-777d52cbca1462a9c396360839932d6e8b85d11368191614d1b086bdcc7fa2ed=Saved model
STMicroelectronics.X-CUBE-AI.8.1.0.StackSize=0x800
STMicroelectronics.X-CUBE-AI.8.1.0.WorkingBufferStartAddrList=0xFFFFFFFF
STMicroelectronics.X-CUBE-AI.8.1.0.XAaCUBEAaAICcArtificialOoIntelligenceJjCore=true
STMicroelectronics.X-CUBE-AI.8.1.0.copyWeightToRam=false
STMicroelectronics.X-CUBE-AI.8.1.0.customLayerConfigEnabled=false
STMicroelectronics.X-CUBE-AI.8.1.0.noOnnxIoTranspose=false
STMicroelectronics.X-CUBE-AI.8.1.0.optimization=time
STMicroelectronics.X-CUBE-AI.8.1.0.outputDirectory=/Users/killian/.stm32cubemx/audio_classifier_output
STMicroelectronics.X-CUBE-AI.8.1.0.useInputAllocation=true
STMicroelectronics.X-CUBE-AI.8.1.0.useOutputAllocation=true
STMicroelectronics.X-CUBE-AI.8.1.00.BSP.STBoard=false
STMicroelectronics.X-CUBE-AI.8.1.00.BSP.api=Unknown
STMicroelectronics.X-CUBE-AI.8.1.00.BSP.component=
STMicroelectronics.X-CUBE-AI.8.1.00.BSP.condition=\!SEMDeviceJjApplicationJjApplicationTemplate
STMicroelectronics.X-CUBE-AI.8.1.00.BSP.instance=USART1
STMicroelectronics.X-CUBE-AI.8.1.00.BSP.ip=USART
STMicroelectronics.X-CUBE-AI.8.1.00.BSP.mode=Asynchronous
STMicroelectronics.X-CUBE-AI.8.1.00.BSP.name=COM Port
STMicroelectronics.X-CUBE-AI.8.1.00.BSP.semaphore=
STMicroelectronics.X-CUBE-AI.8.1.00.BSP.solution=USART1
STMicroelectronics.X-CUBE-AI.8.1.0_SwParameter=ApplicationCcDeviceJjApplication\:Validation;XAaCUBEAaAICcArtificialOoIntelligenceJjCore\:true;
USART1.IPParameters=VirtualMode-Asynchronous
USART1.VirtualMode-Asynchronous=VM_ASYNC
VP_CRC_VS_CRC.Mode=CRC_Activate
VP_CRC_VS_CRC.Signal=CRC_VS_CRC
VP_STMicroelectronics.X-CUBE-AI_VS_ArtificialOoIntelligenceJjXAaCUBEAaAI_8.1.0.Mode=ArtificialOoIntelligenceJjXAaCUBEAaAI
VP_STMicroelectronics.X-CUBE-AI_VS_ArtificialOoIntelligenceJjXAaCUBEAaAI_8.1.0.Signal=STMicroelectronics.X-CUBE-AI_VS_ArtificialOoIntelligenceJjXAaCUBEAaAI_8.1.0
VP_STMicroelectronics.X-CUBE-AI_VS_DeviceJjApplication_8.1.0.Mode=DeviceJjApplication
VP_STMicroelectronics.X-CUBE-AI_VS_DeviceJjApplication_8.1.0.Signal=STMicroelectronics.X-CUBE-AI_VS_DeviceJjApplication_8.1.0
VP_SYS_VS_Systick.Mode=SysTick
VP_SYS_VS_Systick.Signal=SYS_VS_Systick
board=STM32F769I-DISCO
